lockfileVersion: '9.0'

settings:
  autoInstallPeers: false
  excludeLinksFromLockfile: false

importers:

  .:
    dependencies:
      '@clinmesh/dsh-web':
        specifier: link:plugins/clinmesh
        version: link:plugins/clinmesh
      dsh-ag-ui:
        specifier: link:plugins/ag-ui
        version: link:plugins/ag-ui
      dsh-react-surface:
        specifier: link:plugins/react-surface
        version: link:plugins/react-surface
